
Microsoft Visual Studio Solution File, Format Version 12.00
# Visual Studio 2013
VisualStudioVersion = 12.0.31101.0
MinimumVisualStudioVersion = 10.0.40219.1
Project("{FAE04EC0-301F-11D3-BF4B-00C04F79EFBC}") = "Proekt2.Objects", "Objects/Proekt2.Objects.csproj", "{889F6AC1-C14C-40C7-B5E8-2A539E66E2FA}"
EndProject
Project("{FAE04EC0-301F-11D3-BF4B-00C04F79EFBC}") = "Proekt2.ODataBackend", "ODataBackend/Proekt2.ODataBackend.csproj", "{3AA40ED1-AA57-4DEE-BC54-E0B668E1E4EF}"
EndProject
Global
	GlobalSection(SolutionConfigurationPlatforms) = preSolution
Debug|Any CPU = Debug|Any CPU
Release|Any CPU = Release|Any CPU
	EndGlobalSection
	GlobalSection(ProjectConfigurationPlatforms) = postSolution
		{889F6AC1-C14C-40C7-B5E8-2A539E66E2FA}.Debug|Any CPU.ActiveCfg = Debug|Any CPU
		{889F6AC1-C14C-40C7-B5E8-2A539E66E2FA}.Debug|Any CPU.Build.0 = Debug|Any CPU
		{889F6AC1-C14C-40C7-B5E8-2A539E66E2FA}.Release|Any CPU.ActiveCfg = Release|Any CPU
		{889F6AC1-C14C-40C7-B5E8-2A539E66E2FA}.Release|Any CPU.Build.0 = Release|Any CPU
		{3AA40ED1-AA57-4DEE-BC54-E0B668E1E4EF}.Debug|Any CPU.ActiveCfg = Debug|Any CPU
		{3AA40ED1-AA57-4DEE-BC54-E0B668E1E4EF}.Debug|Any CPU.Build.0 = Debug|Any CPU
		{3AA40ED1-AA57-4DEE-BC54-E0B668E1E4EF}.Release|Any CPU.ActiveCfg = Release|Any CPU
		{3AA40ED1-AA57-4DEE-BC54-E0B668E1E4EF}.Release|Any CPU.Build.0 = Release|Any CPU
	EndGlobalSection
	GlobalSection(SolutionProperties) = preSolution
		HideSolutionNode = FALSE
	EndGlobalSection
EndGlobal
